hash: 35f415750332beed22c96ef750829be26842142665059074889fd4f7b39e9b00
updated: 2016-08-15T20:31:58.320219527-03:00
imports:
- name: github.com/urfave/cli
  version: 1efa31f08b9333f1bd4882d61f9d668a70cd902e
- name: golang.org/x/sys
  version: a646d33e2ee3172a661fc09bca23bb4889a41bc8
  subpackages:
  - unix
- name: gopkg.in/fsnotify.v1
  version: a8a77c9133d2d6fd8334f3260d06f60e8d80a5fb
testImports: []
